
Microsoft Visual Studio Solution File, Format Version 12.00
Project("{FAE04EC0-301F-11D3-BF4B-00C04F79EFBC}") = "MiniRedisClient.Core", "MiniRedisClient.Core\MiniRedisClient.Core.csproj", "{3E52C226-96D4-4D0C-9178-0B10087CC87B}"
EndProject
Global
	GlobalSection(SolutionConfigurationPlatforms) = preSolution
		Debug|Any CPU = Debug|Any CPU
		Release|Any CPU = Release|Any CPU
	EndGlobalSection
	GlobalSection(ProjectConfigurationPlatforms) = postSolution
		{3E52C226-96D4-4D0C-9178-0B10087CC87B}.Debug|Any CPU.ActiveCfg = Debug|Any CPU
		{3E52C226-96D4-4D0C-9178-0B10087CC87B}.Debug|Any CPU.Build.0 = Debug|Any CPU
		{3E52C226-96D4-4D0C-9178-0B10087CC87B}.Release|Any CPU.ActiveCfg = Release|Any CPU
		{3E52C226-96D4-4D0C-9178-0B10087CC87B}.Release|Any CPU.Build.0 = Release|Any CPU
	EndGlobalSection
EndGlobal
